{
  "name": "react-fancy-vitrine-example",
  "version": "0.0.0",
  "lockfileVersion": 2,
  "requires": true,
  "packages": {
    "": {
      "name": "react-fancy-vitrine-example",
      "version": "0.0.0",
      "dependencies": {
        "@chakra-ui/react": "file:../node_modules/@chakra-ui/react",
        "@emotion/react": "file:../node_modules/@emotion/react",
        "@emotion/styled": "file:../node_modules/@emotion/styled",
        "@testing-library/jest-dom": "file:../node_modules/@testing-library/jest-dom",
        "@testing-library/react": "file:../node_modules/@testing-library/react",
        "@testing-library/user-event": "file:../node_modules/@testing-library/user-event",
        "@types/jest": "file:../node_modules/@types/jest",
        "@types/node": "file:../node_modules/@types/node",
        "@types/react": "file:../node_modules/@types/react",
        "@types/react-dom": "file:../node_modules/@types/react-dom",
        "framer-motion": "file:../node_modules/framer-motion",
        "react": "file:../node_modules/react",
        "react-dom": "file:../node_modules/react-dom",
        "react-fancy-vitrine": "file:..",
        "react-scripts": "file:../node_modules/react-scripts",
        "typescript": "file:../node_modules/typescript"
      },
      "devDependencies": {
        "@babel/plugin-syntax-object-rest-spread": "file:../node_modules/@babel/plugin-syntax-object-rest-spread"
      }
    },
    "..": {
      "version": "1.0.9",
      "license": "MIT",
      "devDependencies": {
        "@babel/plugin-syntax-object-rest-spread": "^7.8.3",
        "@chakra-ui/react": "^1.7.2",
        "@emotion/react": "^11.6.0",
        "@emotion/styled": "^11.6.0",
        "@testing-library/jest-dom": "^4.2.4",
        "@testing-library/react": "^9.5.0",
        "@testing-library/user-event": "^7.2.1",
        "@types/jest": "^25.1.4",
        "@types/node": "^12.12.38",
        "@types/react": "^17.0.2",
        "@types/react-dom": "^17.0.2",
        "@typescript-eslint/eslint-plugin": "^2.26.0",
        "@typescript-eslint/parser": "^2.26.0",
        "babel-eslint": "^10.0.3",
        "cross-env": "^7.0.2",
        "eslint": "^6.8.0",
        "eslint-config-standard": "^14.1.0",
        "eslint-config-standard-react": "^9.2.0",
        "eslint-plugin-import": "^2.18.2",
        "eslint-plugin-node": "^11.0.0",
        "eslint-plugin-promise": "^4.2.1",
        "eslint-plugin-react": "^7.17.0",
        "eslint-plugin-standard": "^4.0.1",
        "framer-motion": "^4.1.17",
        "gh-pages": "^2.2.0",
        "microbundle-crl": "^0.13.10",
        "npm-run-all": "^4.1.5",
        "react": "^17.0.2",
        "react-dom": "^17.0.2",
        "react-is": "^17.0.2",
        "react-scripts": "^3.4.1",
        "typescript": "^3.7.5",
        "web-vitals": "^2.1.2"
      },
      "engines": {
        "node": ">=10"
      },
      "peerDependencies": {
        "react": "^17.0.2",
        "react-dom": "^17.0.2"
      }
    },
    "../node_modules/@babel/plugin-syntax-object-rest-spread": {
      "version": "7.8.3",
      "dev": true,
      "license": "MIT",
      "dependencies": {
        "@babel/helper-plugin-utils": "^7.8.0"
      },
      "peerDependencies": {
        "@babel/core": "^7.0.0-0"
      }
    },
    "../node_modules/@chakra-ui/react": {
      "version": "1.7.2",
      "license": "MIT",
      "dependencies": {
        "@chakra-ui/accordion": "1.4.1",
        "@chakra-ui/alert": "1.3.1",
        "@chakra-ui/avatar": "1.3.1",
        "@chakra-ui/breadcrumb": "1.3.1",
        "@chakra-ui/button": "1.5.1",
        "@chakra-ui/checkbox": "1.6.1",
        "@chakra-ui/close-button": "1.2.1",
        "@chakra-ui/control-box": "1.1.1",
        "@chakra-ui/counter": "1.2.1",
        "@chakra-ui/css-reset": "1.1.1",
        "@chakra-ui/editable": "1.3.1",
        "@chakra-ui/form-control": "1.5.1",
        "@chakra-ui/hooks": "1.7.1",
        "@chakra-ui/icon": "1.2.1",
        "@chakra-ui/image": "1.1.1",
        "@chakra-ui/input": "1.3.1",
        "@chakra-ui/layout": "1.5.1",
        "@chakra-ui/live-region": "1.1.1",
        "@chakra-ui/media-query": "1.2.1",
        "@chakra-ui/menu": "1.8.1",
        "@chakra-ui/modal": "1.10.1",
        "@chakra-ui/number-input": "1.3.1",
        "@chakra-ui/pin-input": "1.7.1",
        "@chakra-ui/popover": "1.10.1",
        "@chakra-ui/popper": "2.4.1",
        "@chakra-ui/portal": "1.3.1",
        "@chakra-ui/progress": "1.2.1",
        "@chakra-ui/provider": "1.7.2",
        "@chakra-ui/radio": "1.4.2",
        "@chakra-ui/react-env": "1.1.1",
        "@chakra-ui/select": "1.2.1",
        "@chakra-ui/skeleton": "1.2.2",
        "@chakra-ui/slider": "1.5.2",
        "@chakra-ui/spinner": "1.2.1",
        "@chakra-ui/stat": "1.2.1",
        "@chakra-ui/switch": "1.3.1",
        "@chakra-ui/system": "1.8.2",
        "@chakra-ui/table": "1.3.1",
        "@chakra-ui/tabs": "1.6.1",
        "@chakra-ui/tag": "1.2.1",
        "@chakra-ui/textarea": "1.2.1",
        "@chakra-ui/theme": "1.12.1",
        "@chakra-ui/toast": "1.4.1",
        "@chakra-ui/tooltip": "1.4.1",
        "@chakra-ui/transition": "1.4.1",
        "@chakra-ui/utils": "1.9.1",
        "@chakra-ui/visually-hidden": "1.1.1"
      },
      "peerDependencies": {
        "@emotion/react": "^11.0.0",
        "@emotion/styled": "^11.0.0",
        "framer-motion": "3.x || 4.x || 5.x",
        "react": ">=16.8.6",
        "react-dom": ">=16.8.6"
      }
    },
    "../node_modules/@emotion/react": {
      "version": "11.6.0",
      "license": "MIT",
      "dependencies": {
        "@babel/runtime": "^7.13.10",
        "@emotion/cache": "^11.6.0",
        "@emotion/serialize": "^1.0.2",
        "@emotion/sheet": "^1.1.0",
        "@emotion/utils": "^1.0.0",
        "@emotion/weak-memoize": "^0.2.5",
        "hoist-non-react-statics": "^3.3.1"
      },
      "peerDependencies": {
        "@babel/core": "^7.0.0",
        "react": ">=16.8.0"
      },
      "peerDependenciesMeta": {
        "@babel/core": {
          "optional": true
        },
        "@types/react": {
          "optional": true
        }
      }
    },
    "../node_modules/@emotion/styled": {
      "version": "11.6.0",
      "license": "MIT",
      "dependencies": {
        "@babel/runtime": "^7.13.10",
        "@emotion/babel-plugin": "^11.3.0",
        "@emotion/is-prop-valid": "^1.1.1",
        "@emotion/serialize": "^1.0.2",
        "@emotion/utils": "^1.0.0"
      },
      "peerDependencies": {
        "@babel/core": "^7.0.0",
        "@emotion/react": "^11.0.0-rc.0",
        "react": ">=16.8.0"
      },
      "peerDependenciesMeta": {
        "@babel/core": {
          "optional": true
        },
        "@types/react": {
          "optional": true
        }
      }
    },
    "../node_modules/@testing-library/jest-dom": {
      "version": "4.2.4",
      "license": "MIT",
      "dependencies": {
        "@babel/runtime": "^7.5.1",
        "chalk": "^2.4.1",
        "css": "^2.2.3",
        "css.escape": "^1.5.1",
        "jest-diff": "^24.0.0",
        "jest-matcher-utils": "^24.0.0",
        "lodash": "^4.17.11",
        "pretty-format": "^24.0.0",
        "redent": "^3.0.0"
      },
      "engines": {
        "node": ">=8",
        "npm": ">=6"
      }
    },
    "../node_modules/@testing-library/react": {
      "version": "9.5.0",
      "license": "MIT",
      "dependencies": {
        "@babel/runtime": "^7.8.4",
        "@testing-library/dom": "^6.15.0",
        "@types/testing-library__react": "^9.1.2"
      },
      "engines": {
        "node": ">=8"
      },
      "peerDependencies": {
        "react": "*",
        "react-dom": "*"
      }
    },
    "../node_modules/@testing-library/user-event": {
      "version": "7.2.1",
      "license": "MIT",
      "peerDependencies": {
        "@testing-library/dom": ">=5"
      }
    },
    "../node_modules/@types/jest": {
      "version": "25.2.3",
      "license": "MIT",
      "dependencies": {
        "jest-diff": "^25.2.1",
        "pretty-format": "^25.2.1"
      }
    },
    "../node_modules/@types/node": {
      "version": "12.20.37",
      "license": "MIT"
    },
    "../node_modules/@types/react": {
      "version": "17.0.2",
      "license": "MIT",
      "dependencies": {
        "@types/prop-types": "*",
        "csstype": "^3.0.2"
      }
    },
    "../node_modules/@types/react-dom": {
      "version": "17.0.2",
      "license": "MIT",
      "dependencies": {
        "@types/react": "*"
      }
    },
    "../node_modules/framer-motion": {
      "version": "4.1.17",
      "license": "MIT",
      "dependencies": {
        "framesync": "5.3.0",
        "hey-listen": "^1.0.8",
        "popmotion": "9.3.6",
        "style-value-types": "4.1.4",
        "tslib": "^2.1.0"
      },
      "optionalDependencies": {
        "@emotion/is-prop-valid": "^0.8.2"
      },
      "peerDependencies": {
        "react": ">=16.8 || ^17.0.0",
        "react-dom": ">=16.8 || ^17.0.0"
      }
    },
    "../node_modules/react": {
      "version": "17.0.2",
      "license": "MIT",
      "dependencies": {
        "loose-envify": "^1.1.0",
        "object-assign": "^4.1.1"
      },
      "engines": {
        "node": ">=0.10.0"
      }
    },
    "../node_modules/react-dom": {
      "version": "17.0.2",
      "license": "MIT",
      "dependencies": {
        "loose-envify": "^1.1.0",
        "object-assign": "^4.1.1",
        "scheduler": "^0.20.2"
      },
      "peerDependencies": {
        "react": "17.0.2"
      }
    },
    "../node_modules/react-scripts": {
      "version": "3.4.4",
      "license": "MIT",
      "dependencies": {
        "@babel/core": "7.9.0",
        "@svgr/webpack": "4.3.3",
        "@typescript-eslint/eslint-plugin": "^2.10.0",
        "@typescript-eslint/parser": "^2.10.0",
        "babel-eslint": "10.1.0",
        "babel-jest": "^24.9.0",
        "babel-loader": "8.1.0",
        "babel-plugin-named-asset-import": "^0.3.6",
        "babel-preset-react-app": "^9.1.2",
        "camelcase": "^5.3.1",
        "case-sensitive-paths-webpack-plugin": "2.3.0",
        "css-loader": "3.4.2",
        "dotenv": "8.2.0",
        "dotenv-expand": "5.1.0",
        "eslint": "^6.6.0",
        "eslint-config-react-app": "^5.2.1",
        "eslint-loader": "3.0.3",
        "eslint-plugin-flowtype": "4.6.0",
        "eslint-plugin-import": "2.20.1",
        "eslint-plugin-jsx-a11y": "6.2.3",
        "eslint-plugin-react": "7.19.0",
        "eslint-plugin-react-hooks": "^1.6.1",
        "file-loader": "4.3.0",
        "fs-extra": "^8.1.0",
        "html-webpack-plugin": "4.0.0-beta.11",
        "identity-obj-proxy": "3.0.0",
        "jest": "24.9.0",
        "jest-environment-jsdom-fourteen": "1.0.1",
        "jest-resolve": "24.9.0",
        "jest-watch-typeahead": "0.4.2",
        "mini-css-extract-plugin": "0.9.0",
        "optimize-css-assets-webpack-plugin": "5.0.3",
        "pnp-webpack-plugin": "1.6.4",
        "postcss-flexbugs-fixes": "4.1.0",
        "postcss-loader": "3.0.0",
        "postcss-normalize": "8.0.1",
        "postcss-preset-env": "6.7.0",
        "postcss-safe-parser": "4.0.1",
        "react-app-polyfill": "^1.0.6",
        "react-dev-utils": "^10.2.1",
        "resolve": "1.15.0",
        "resolve-url-loader": "3.1.2",
        "sass-loader": "8.0.2",
        "semver": "6.3.0",
        "style-loader": "0.23.1",
        "terser-webpack-plugin": "2.3.8",
        "ts-pnp": "1.1.6",
        "url-loader": "2.3.0",
        "webpack": "4.42.0",
        "webpack-dev-server": "3.11.0",
        "webpack-manifest-plugin": "2.2.0",
        "workbox-webpack-plugin": "4.3.1"
      },
      "bin": {
        "react-scripts": "bin/react-scripts.js"
      },
      "engines": {
        "node": ">=8.10"
      },
      "optionalDependencies": {
        "fsevents": "2.1.2"
      },
      "peerDependencies": {
        "typescript": "^3.2.1"
      },
      "peerDependenciesMeta": {
        "typescript": {
          "optional": true
        }
      }
    },
    "../node_modules/typescript": {
      "version": "3.9.10",
      "license": "Apache-2.0",
      "bin": {
        "tsc": "bin/tsc",
        "tsserver": "bin/tsserver"
      },
      "engines": {
        "node": ">=4.2.0"
      }
    },
    "node_modules/@babel/plugin-syntax-object-rest-spread": {
      "resolved": "../node_modules/@babel/plugin-syntax-object-rest-spread",
      "link": true
    },
    "node_modules/@chakra-ui/react": {
      "resolved": "../node_modules/@chakra-ui/react",
      "link": true
    },
    "node_modules/@emotion/react": {
      "resolved": "../node_modules/@emotion/react",
      "link": true
    },
    "node_modules/@emotion/styled": {
      "resolved": "../node_modules/@emotion/styled",
      "link": true
    },
    "node_modules/@testing-library/jest-dom": {
      "resolved": "../node_modules/@testing-library/jest-dom",
      "link": true
    },
    "node_modules/@testing-library/react": {
      "resolved": "../node_modules/@testing-library/react",
      "link": true
    },
    "node_modules/@testing-library/user-event": {
      "resolved": "../node_modules/@testing-library/user-event",
      "link": true
    },
    "node_modules/@types/jest": {
      "resolved": "../node_modules/@types/jest",
      "link": true
    },
    "node_modules/@types/node": {
      "resolved": "../node_modules/@types/node",
      "link": true
    },
    "node_modules/@types/react": {
      "resolved": "../node_modules/@types/react",
      "link": true
    },
    "node_modules/@types/react-dom": {
      "resolved": "../node_modules/@types/react-dom",
      "link": true
    },
    "node_modules/framer-motion": {
      "resolved": "../node_modules/framer-motion",
      "link": true
    },
    "node_modules/react": {
      "resolved": "../node_modules/react",
      "link": true
    },
    "node_modules/react-dom": {
      "resolved": "../node_modules/react-dom",
      "link": true
    },
    "node_modules/react-fancy-vitrine": {
      "resolved": "..",
      "link": true
    },
    "node_modules/react-scripts": {
      "resolved": "../node_modules/react-scripts",
      "link": true
    },
    "node_modules/typescript": {
      "resolved": "../node_modules/typescript",
      "link": true
    }
  },
  "dependencies": {
    "@babel/plugin-syntax-object-rest-spread": {
      "version": "file:../node_modules/@babel/plugin-syntax-object-rest-spread",
      "requires": {
        "@babel/helper-plugin-utils": "^7.8.0"
      }
    },
    "@chakra-ui/react": {
      "version": "file:../node_modules/@chakra-ui/react",
      "requires": {
        "@chakra-ui/accordion": "1.4.1",
        "@chakra-ui/alert": "1.3.1",
        "@chakra-ui/avatar": "1.3.1",
        "@chakra-ui/breadcrumb": "1.3.1",
        "@chakra-ui/button": "1.5.1",
        "@chakra-ui/checkbox": "1.6.1",
        "@chakra-ui/close-button": "1.2.1",
        "@chakra-ui/control-box": "1.1.1",
        "@chakra-ui/counter": "1.2.1",
        "@chakra-ui/css-reset": "1.1.1",
        "@chakra-ui/editable": "1.3.1",
        "@chakra-ui/form-control": "1.5.1",
        "@chakra-ui/hooks": "1.7.1",
        "@chakra-ui/icon": "1.2.1",
        "@chakra-ui/image": "1.1.1",
        "@chakra-ui/input": "1.3.1",
        "@chakra-ui/layout": "1.5.1",
        "@chakra-ui/live-region": "1.1.1",
        "@chakra-ui/media-query": "1.2.1",
        "@chakra-ui/menu": "1.8.1",
        "@chakra-ui/modal": "1.10.1",
        "@chakra-ui/number-input": "1.3.1",
        "@chakra-ui/pin-input": "1.7.1",
        "@chakra-ui/popover": "1.10.1",
        "@chakra-ui/popper": "2.4.1",
        "@chakra-ui/portal": "1.3.1",
        "@chakra-ui/progress": "1.2.1",
        "@chakra-ui/provider": "1.7.2",
        "@chakra-ui/radio": "1.4.2",
        "@chakra-ui/react-env": "1.1.1",
        "@chakra-ui/select": "1.2.1",
        "@chakra-ui/skeleton": "1.2.2",
        "@chakra-ui/slider": "1.5.2",
        "@chakra-ui/spinner": "1.2.1",
        "@chakra-ui/stat": "1.2.1",
        "@chakra-ui/switch": "1.3.1",
        "@chakra-ui/system": "1.8.2",
        "@chakra-ui/table": "1.3.1",
        "@chakra-ui/tabs": "1.6.1",
        "@chakra-ui/tag": "1.2.1",
        "@chakra-ui/textarea": "1.2.1",
        "@chakra-ui/theme": "1.12.1",
        "@chakra-ui/toast": "1.4.1",
        "@chakra-ui/tooltip": "1.4.1",
        "@chakra-ui/transition": "1.4.1",
        "@chakra-ui/utils": "1.9.1",
        "@chakra-ui/visually-hidden": "1.1.1"
      }
    },
    "@emotion/react": {
      "version": "file:../node_modules/@emotion/react",
      "requires": {
        "@babel/runtime": "^7.13.10",
        "@emotion/cache": "^11.6.0",
        "@emotion/serialize": "^1.0.2",
        "@emotion/sheet": "^1.1.0",
        "@emotion/utils": "^1.0.0",
        "@emotion/weak-memoize": "^0.2.5",
        "hoist-non-react-statics": "^3.3.1"
      }
    },
    "@emotion/styled": {
      "version": "file:../node_modules/@emotion/styled",
      "requires": {
        "@babel/runtime": "^7.13.10",
        "@emotion/babel-plugin": "^11.3.0",
        "@emotion/is-prop-valid": "^1.1.1",
        "@emotion/serialize": "^1.0.2",
        "@emotion/utils": "^1.0.0"
      }
    },
    "@testing-library/jest-dom": {
      "version": "file:../node_modules/@testing-library/jest-dom",
      "requires": {
        "@babel/runtime": "^7.5.1",
        "chalk": "^2.4.1",
        "css": "^2.2.3",
        "css.escape": "^1.5.1",
        "jest-diff": "^24.0.0",
        "jest-matcher-utils": "^24.0.0",
        "lodash": "^4.17.11",
        "pretty-format": "^24.0.0",
        "redent": "^3.0.0"
      }
    },
    "@testing-library/react": {
      "version": "file:../node_modules/@testing-library/react",
      "requires": {
        "@babel/runtime": "^7.8.4",
        "@testing-library/dom": "^6.15.0",
        "@types/testing-library__react": "^9.1.2"
      }
    },
    "@testing-library/user-event": {
      "version": "file:../node_modules/@testing-library/user-event",
      "requires": {}
    },
    "@types/jest": {
      "version": "file:../node_modules/@types/jest",
      "requires": {
        "jest-diff": "^25.2.1",
        "pretty-format": "^25.2.1"
      }
    },
    "@types/node": {
      "version": "file:../node_modules/@types/node"
    },
    "@types/react": {
      "version": "file:../node_modules/@types/react",
      "requires": {
        "@types/prop-types": "*",
        "csstype": "^3.0.2"
      }
    },
    "@types/react-dom": {
      "version": "file:../node_modules/@types/react-dom",
      "requires": {
        "@types/react": "*"
      }
    },
    "framer-motion": {
      "version": "file:../node_modules/framer-motion",
      "requires": {
        "@emotion/is-prop-valid": "^0.8.2",
        "framesync": "5.3.0",
        "hey-listen": "^1.0.8",
        "popmotion": "9.3.6",
        "style-value-types": "4.1.4",
        "tslib": "^2.1.0"
      }
    },
    "react": {
      "version": "file:../node_modules/react",
      "requires": {
        "loose-envify": "^1.1.0",
        "object-assign": "^4.1.1"
      }
    },
    "react-dom": {
      "version": "file:../node_modules/react-dom",
      "requires": {
        "loose-envify": "^1.1.0",
        "object-assign": "^4.1.1",
        "scheduler": "^0.20.2"
      }
    },
    "react-fancy-vitrine": {
      "version": "file:..",
      "requires": {
        "@babel/plugin-syntax-object-rest-spread": "^7.8.3",
        "@chakra-ui/react": "^1.7.2",
        "@emotion/react": "^11.6.0",
        "@emotion/styled": "^11.6.0",
        "@testing-library/jest-dom": "^4.2.4",
        "@testing-library/react": "^9.5.0",
        "@testing-library/user-event": "^7.2.1",
        "@types/jest": "^25.1.4",
        "@types/node": "^12.12.38",
        "@types/react": "^17.0.2",
        "@types/react-dom": "^17.0.2",
        "@typescript-eslint/eslint-plugin": "^2.26.0",
        "@typescript-eslint/parser": "^2.26.0",
        "babel-eslint": "^10.0.3",
        "cross-env": "^7.0.2",
        "eslint": "^6.8.0",
        "eslint-config-standard": "^14.1.0",
        "eslint-config-standard-react": "^9.2.0",
        "eslint-plugin-import": "^2.18.2",
        "eslint-plugin-node": "^11.0.0",
        "eslint-plugin-promise": "^4.2.1",
        "eslint-plugin-react": "^7.17.0",
        "eslint-plugin-standard": "^4.0.1",
        "framer-motion": "^4.1.17",
        "gh-pages": "^2.2.0",
        "microbundle-crl": "^0.13.10",
        "npm-run-all": "^4.1.5",
        "react": "^17.0.2",
        "react-dom": "^17.0.2",
        "react-is": "^17.0.2",
        "react-scripts": "^3.4.1",
        "typescript": "^3.7.5",
        "web-vitals": "^2.1.2"
      },
      "dependencies": {
        "@babel/plugin-syntax-object-rest-spread": {
          "version": "7.8.3",
          "dev": true,
          "requires": {
            "@babel/helper-plugin-utils": "^7.8.0"
          }
        },
        "@chakra-ui/react": {
          "version": "1.7.2",
          "requires": {
            "@chakra-ui/accordion": "1.4.1",
            "@chakra-ui/alert": "1.3.1",
            "@chakra-ui/avatar": "1.3.1",
            "@chakra-ui/breadcrumb": "1.3.1",
            "@chakra-ui/button": "1.5.1",
            "@chakra-ui/checkbox": "1.6.1",
            "@chakra-ui/close-button": "1.2.1",
            "@chakra-ui/control-box": "1.1.1",
            "@chakra-ui/counter": "1.2.1",
            "@chakra-ui/css-reset": "1.1.1",
            "@chakra-ui/editable": "1.3.1",
            "@chakra-ui/form-control": "1.5.1",
            "@chakra-ui/hooks": "1.7.1",
            "@chakra-ui/icon": "1.2.1",
            "@chakra-ui/image": "1.1.1",
            "@chakra-ui/input": "1.3.1",
            "@chakra-ui/layout": "1.5.1",
            "@chakra-ui/live-region": "1.1.1",
            "@chakra-ui/media-query": "1.2.1",
            "@chakra-ui/menu": "1.8.1",
            "@chakra-ui/modal": "1.10.1",
            "@chakra-ui/number-input": "1.3.1",
            "@chakra-ui/pin-input": "1.7.1",
            "@chakra-ui/popover": "1.10.1",
            "@chakra-ui/popper": "2.4.1",
            "@chakra-ui/portal": "1.3.1",
            "@chakra-ui/progress": "1.2.1",
            "@chakra-ui/provider": "1.7.2",
            "@chakra-ui/radio": "1.4.2",
            "@chakra-ui/react-env": "1.1.1",
            "@chakra-ui/select": "1.2.1",
            "@chakra-ui/skeleton": "1.2.2",
            "@chakra-ui/slider": "1.5.2",
            "@chakra-ui/spinner": "1.2.1",
            "@chakra-ui/stat": "1.2.1",
            "@chakra-ui/switch": "1.3.1",
            "@chakra-ui/system": "1.8.2",
            "@chakra-ui/table": "1.3.1",
            "@chakra-ui/tabs": "1.6.1",
            "@chakra-ui/tag": "1.2.1",
            "@chakra-ui/textarea": "1.2.1",
            "@chakra-ui/theme": "1.12.1",
            "@chakra-ui/toast": "1.4.1",
            "@chakra-ui/tooltip": "1.4.1",
            "@chakra-ui/transition": "1.4.1",
            "@chakra-ui/utils": "1.9.1",
            "@chakra-ui/visually-hidden": "1.1.1"
          }
        },
        "@emotion/react": {
          "version": "11.6.0",
          "requires": {
            "@babel/runtime": "^7.13.10",
            "@emotion/cache": "^11.6.0",
            "@emotion/serialize": "^1.0.2",
            "@emotion/sheet": "^1.1.0",
            "@emotion/utils": "^1.0.0",
            "@emotion/weak-memoize": "^0.2.5",
            "hoist-non-react-statics": "^3.3.1"
          }
        },
        "@emotion/styled": {
          "version": "11.6.0",
          "requires": {
            "@babel/runtime": "^7.13.10",
            "@emotion/babel-plugin": "^11.3.0",
            "@emotion/is-prop-valid": "^1.1.1",
            "@emotion/serialize": "^1.0.2",
            "@emotion/utils": "^1.0.0"
          }
        },
        "@testing-library/jest-dom": {
          "version": "4.2.4",
          "requires": {
            "@babel/runtime": "^7.5.1",
            "chalk": "^2.4.1",
            "css": "^2.2.3",
            "css.escape": "^1.5.1",
            "jest-diff": "^24.0.0",
            "jest-matcher-utils": "^24.0.0",
            "lodash": "^4.17.11",
            "pretty-format": "^24.0.0",
            "redent": "^3.0.0"
          }
        },
        "@testing-library/react": {
          "version": "9.5.0",
          "requires": {
            "@babel/runtime": "^7.8.4",
            "@testing-library/dom": "^6.15.0",
            "@types/testing-library__react": "^9.1.2"
          }
        },
        "@testing-library/user-event": {
          "version": "7.2.1",
          "requires": {}
        },
        "@types/jest": {
          "version": "25.2.3",
          "requires": {
            "jest-diff": "^25.2.1",
            "pretty-format": "^25.2.1"
          }
        },
        "@types/node": {
          "version": "12.20.37"
        },
        "@types/react": {
          "version": "17.0.2",
          "requires": {
            "@types/prop-types": "*",
            "csstype": "^3.0.2"
          }
        },
        "@types/react-dom": {
          "version": "17.0.2",
          "requires": {
            "@types/react": "*"
          }
        },
        "framer-motion": {
          "version": "4.1.17",
          "requires": {
            "@emotion/is-prop-valid": "^0.8.2",
            "framesync": "5.3.0",
            "hey-listen": "^1.0.8",
            "popmotion": "9.3.6",
            "style-value-types": "4.1.4",
            "tslib": "^2.1.0"
          }
        },
        "react": {
          "version": "17.0.2",
          "requires": {
            "loose-envify": "^1.1.0",
            "object-assign": "^4.1.1"
          }
        },
        "react-dom": {
          "version": "17.0.2",
          "requires": {
            "loose-envify": "^1.1.0",
            "object-assign": "^4.1.1",
            "scheduler": "^0.20.2"
          }
        },
        "react-scripts": {
          "version": "3.4.4",
          "requires": {
            "@babel/core": "7.9.0",
            "@svgr/webpack": "4.3.3",
            "@typescript-eslint/eslint-plugin": "^2.10.0",
            "@typescript-eslint/parser": "^2.10.0",
            "babel-eslint": "10.1.0",
            "babel-jest": "^24.9.0",
            "babel-loader": "8.1.0",
            "babel-plugin-named-asset-import": "^0.3.6",
            "babel-preset-react-app": "^9.1.2",
            "camelcase": "^5.3.1",
            "case-sensitive-paths-webpack-plugin": "2.3.0",
            "css-loader": "3.4.2",
            "dotenv": "8.2.0",
            "dotenv-expand": "5.1.0",
            "eslint": "^6.6.0",
            "eslint-config-react-app": "^5.2.1",
            "eslint-loader": "3.0.3",
            "eslint-plugin-flowtype": "4.6.0",
            "eslint-plugin-import": "2.20.1",
            "eslint-plugin-jsx-a11y": "6.2.3",
            "eslint-plugin-react": "7.19.0",
            "eslint-plugin-react-hooks": "^1.6.1",
            "file-loader": "4.3.0",
            "fs-extra": "^8.1.0",
            "fsevents": "2.1.2",
            "html-webpack-plugin": "4.0.0-beta.11",
            "identity-obj-proxy": "3.0.0",
            "jest": "24.9.0",
            "jest-environment-jsdom-fourteen": "1.0.1",
            "jest-resolve": "24.9.0",
            "jest-watch-typeahead": "0.4.2",
            "mini-css-extract-plugin": "0.9.0",
            "optimize-css-assets-webpack-plugin": "5.0.3",
            "pnp-webpack-plugin": "1.6.4",
            "postcss-flexbugs-fixes": "4.1.0",
            "postcss-loader": "3.0.0",
            "postcss-normalize": "8.0.1",
            "postcss-preset-env": "6.7.0",
            "postcss-safe-parser": "4.0.1",
            "react-app-polyfill": "^1.0.6",
            "react-dev-utils": "^10.2.1",
            "resolve": "1.15.0",
            "resolve-url-loader": "3.1.2",
            "sass-loader": "8.0.2",
            "semver": "6.3.0",
            "style-loader": "0.23.1",
            "terser-webpack-plugin": "2.3.8",
            "ts-pnp": "1.1.6",
            "url-loader": "2.3.0",
            "webpack": "4.42.0",
            "webpack-dev-server": "3.11.0",
            "webpack-manifest-plugin": "2.2.0",
            "workbox-webpack-plugin": "4.3.1"
          }
        },
        "typescript": {
          "version": "3.9.10"
        }
      }
    },
    "react-scripts": {
      "version": "file:../node_modules/react-scripts",
      "requires": {
        "@babel/core": "7.9.0",
        "@svgr/webpack": "4.3.3",
        "@typescript-eslint/eslint-plugin": "^2.10.0",
        "@typescript-eslint/parser": "^2.10.0",
        "babel-eslint": "10.1.0",
        "babel-jest": "^24.9.0",
        "babel-loader": "8.1.0",
        "babel-plugin-named-asset-import": "^0.3.6",
        "babel-preset-react-app": "^9.1.2",
        "camelcase": "^5.3.1",
        "case-sensitive-paths-webpack-plugin": "2.3.0",
        "css-loader": "3.4.2",
        "dotenv": "8.2.0",
        "dotenv-expand": "5.1.0",
        "eslint": "^6.6.0",
        "eslint-config-react-app": "^5.2.1",
        "eslint-loader": "3.0.3",
        "eslint-plugin-flowtype": "4.6.0",
        "eslint-plugin-import": "2.20.1",
        "eslint-plugin-jsx-a11y": "6.2.3",
        "eslint-plugin-react": "7.19.0",
        "eslint-plugin-react-hooks": "^1.6.1",
        "file-loader": "4.3.0",
        "fs-extra": "^8.1.0",
        "fsevents": "2.1.2",
        "html-webpack-plugin": "4.0.0-beta.11",
        "identity-obj-proxy": "3.0.0",
        "jest": "24.9.0",
        "jest-environment-jsdom-fourteen": "1.0.1",
        "jest-resolve": "24.9.0",
        "jest-watch-typeahead": "0.4.2",
        "mini-css-extract-plugin": "0.9.0",
        "optimize-css-assets-webpack-plugin": "5.0.3",
        "pnp-webpack-plugin": "1.6.4",
        "postcss-flexbugs-fixes": "4.1.0",
        "postcss-loader": "3.0.0",
        "postcss-normalize": "8.0.1",
        "postcss-preset-env": "6.7.0",
        "postcss-safe-parser": "4.0.1",
        "react-app-polyfill": "^1.0.6",
        "react-dev-utils": "^10.2.1",
        "resolve": "1.15.0",
        "resolve-url-loader": "3.1.2",
        "sass-loader": "8.0.2",
        "semver": "6.3.0",
        "style-loader": "0.23.1",
        "terser-webpack-plugin": "2.3.8",
        "ts-pnp": "1.1.6",
        "url-loader": "2.3.0",
        "webpack": "4.42.0",
        "webpack-dev-server": "3.11.0",
        "webpack-manifest-plugin": "2.2.0",
        "workbox-webpack-plugin": "4.3.1"
      }
    },
    "typescript": {
      "version": "file:../node_modules/typescript"
    }
  }
}
